
Microsoft Visual Studio Solution File, Format Version 12.00
# Visual Studio Version 16
VisualStudioVersion = 16.0.31129.286
MinimumVisualStudioVersion = 10.0.40219.1
Project("{2150E333-8FDC-42A3-9474-1A3956D46DE8}") = "src", "src", "{A877EC63-46DD-4B39-80AF-CDBED2E6AEC9}"
EndProject
Project("{9A19103F-16F7-4668-BE54-9A1E7A4F7556}") = "API", "src\API\API.csproj", "{B7B0716A-19E8-4FF3-A99E-8ED04E83ED9F}"
EndProject
Project("{2150E333-8FDC-42A3-9474-1A3956D46DE8}") = "Infrastructure", "Infrastructure", "{ED8A1104-0970-45C1-9F3E-FF39BE9DD01E}"
EndProject
Project("{2150E333-8FDC-42A3-9474-1A3956D46DE8}") = "UIs", "UIs", "{E7EDA971-5835-40B5-90D6-BDABA871864C}"
EndProject
Project("{2150E333-8FDC-42A3-9474-1A3956D46DE8}") = "Core", "Core", "{AAD5F0B0-39CC-4344-9E5A-E63BB38A8C0C}"
EndProject
Project("{2150E333-8FDC-42A3-9474-1A3956D46DE8}") = "Blazor", "Blazor", "{5C9D9912-63C1-4424-B9E9-8A9917974EF4}"
EndProject
Project("{2150E333-8FDC-42A3-9474-1A3956D46DE8}") = "WASM", "WASM", "{DFCED2D0-0C2B-4A1D-B4A3-9B533ACE67CA}"
EndProject
Project("{FAE04EC0-301F-11D3-BF4B-00C04F79EFBC}") = "UI.Blazor", "src\UI.Blazor\UI.Blazor.csproj", "{2E1E3001-3ECD-4420-B634-882705A653AE}"
EndProject
Project("{2150E333-8FDC-42A3-9474-1A3956D46DE8}") = "MVC", "MVC", "{04D794E2-EB6E-4899-BB19-0DCBB7494889}"
EndProject
Project("{FAE04EC0-301F-11D3-BF4B-00C04F79EFBC}") = "UI.MVC", "src\UI.MVC\UI.MVC.csproj", "{07C7DF4B-18C2-4686-9A62-333CED7740C5}"
EndProject
Project("{2150E333-8FDC-42A3-9474-1A3956D46DE8}") = "Solution Items", "Solution Items", "{8BCA591A-2DA5-4191-8978-53275E05AD87}"
	ProjectSection(SolutionItems) = preProject
		README.md = README.md
	EndProjectSection
EndProject
Global
	GlobalSection(SolutionConfigurationPlatforms) = preSolution
		Debug|Any CPU = Debug|Any CPU
		Release|Any CPU = Release|Any CPU
	EndGlobalSection
	GlobalSection(ProjectConfigurationPlatforms) = postSolution
		{B7B0716A-19E8-4FF3-A99E-8ED04E83ED9F}.Debug|Any CPU.ActiveCfg = Debug|Any CPU
		{B7B0716A-19E8-4FF3-A99E-8ED04E83ED9F}.Debug|Any CPU.Build.0 = Debug|Any CPU
		{B7B0716A-19E8-4FF3-A99E-8ED04E83ED9F}.Release|Any CPU.ActiveCfg = Release|Any CPU
		{B7B0716A-19E8-4FF3-A99E-8ED04E83ED9F}.Release|Any CPU.Build.0 = Release|Any CPU
		{2E1E3001-3ECD-4420-B634-882705A653AE}.Debug|Any CPU.ActiveCfg = Debug|Any CPU
		{2E1E3001-3ECD-4420-B634-882705A653AE}.Debug|Any CPU.Build.0 = Debug|Any CPU
		{2E1E3001-3ECD-4420-B634-882705A653AE}.Release|Any CPU.ActiveCfg = Release|Any CPU
		{2E1E3001-3ECD-4420-B634-882705A653AE}.Release|Any CPU.Build.0 = Release|Any CPU
		{07C7DF4B-18C2-4686-9A62-333CED7740C5}.Debug|Any CPU.ActiveCfg = Debug|Any CPU
		{07C7DF4B-18C2-4686-9A62-333CED7740C5}.Debug|Any CPU.Build.0 = Debug|Any CPU
		{07C7DF4B-18C2-4686-9A62-333CED7740C5}.Release|Any CPU.ActiveCfg = Release|Any CPU
		{07C7DF4B-18C2-4686-9A62-333CED7740C5}.Release|Any CPU.Build.0 = Release|Any CPU
	EndGlobalSection
	GlobalSection(SolutionProperties) = preSolution
		HideSolutionNode = FALSE
	EndGlobalSection
	GlobalSection(NestedProjects) = preSolution
		{B7B0716A-19E8-4FF3-A99E-8ED04E83ED9F} = {A877EC63-46DD-4B39-80AF-CDBED2E6AEC9}
		{ED8A1104-0970-45C1-9F3E-FF39BE9DD01E} = {A877EC63-46DD-4B39-80AF-CDBED2E6AEC9}
		{E7EDA971-5835-40B5-90D6-BDABA871864C} = {A877EC63-46DD-4B39-80AF-CDBED2E6AEC9}
		{AAD5F0B0-39CC-4344-9E5A-E63BB38A8C0C} = {A877EC63-46DD-4B39-80AF-CDBED2E6AEC9}
		{5C9D9912-63C1-4424-B9E9-8A9917974EF4} = {E7EDA971-5835-40B5-90D6-BDABA871864C}
		{DFCED2D0-0C2B-4A1D-B4A3-9B533ACE67CA} = {5C9D9912-63C1-4424-B9E9-8A9917974EF4}
		{2E1E3001-3ECD-4420-B634-882705A653AE} = {DFCED2D0-0C2B-4A1D-B4A3-9B533ACE67CA}
		{04D794E2-EB6E-4899-BB19-0DCBB7494889} = {E7EDA971-5835-40B5-90D6-BDABA871864C}
		{07C7DF4B-18C2-4686-9A62-333CED7740C5} = {04D794E2-EB6E-4899-BB19-0DCBB7494889}
	EndGlobalSection
	GlobalSection(ExtensibilityGlobals) = postSolution
		SolutionGuid = {038D8048-0277-4A54-91BD-D05FB2F6EC52}
	EndGlobalSection
EndGlobal
