
Microsoft Visual Studio Solution File, Format Version 12.00
# Visual Studio Version 16
VisualStudioVersion = 16.0.31129.286
MinimumVisualStudioVersion = 10.0.40219.1
Project("{2150E333-8FDC-42A3-9474-1A3956D46DE8}") = "src", "src", "{A877EC63-46DD-4B39-80AF-CDBED2E6AEC9}"
EndProject
Project("{9A19103F-16F7-4668-BE54-9A1E7A4F7556}") = "API", "src\API\API.csproj", "{B7B0716A-19E8-4FF3-A99E-8ED04E83ED9F}"
EndProject
Project("{2150E333-8FDC-42A3-9474-1A3956D46DE8}") = "Infrastructure", "Infrastructure", "{ED8A1104-0970-45C1-9F3E-FF39BE9DD01E}"
EndProject
Project("{2150E333-8FDC-42A3-9474-1A3956D46DE8}") = "UIs", "UIs", "{E7EDA971-5835-40B5-90D6-BDABA871864C}"
EndProject
Project("{2150E333-8FDC-42A3-9474-1A3956D46DE8}") = "Core", "Core", "{AAD5F0B0-39CC-4344-9E5A-E63BB38A8C0C}"
EndProject
Project("{2150E333-8FDC-42A3-9474-1A3956D46DE8}") = "Blazor", "Blazor", "{5C9D9912-63C1-4424-B9E9-8A9917974EF4}"
EndProject
Project("{2150E333-8FDC-42A3-9474-1A3956D46DE8}") = "WASM", "WASM", "{DFCED2D0-0C2B-4A1D-B4A3-9B533ACE67CA}"
EndProject
Project("{9A19103F-16F7-4668-BE54-9A1E7A4F7556}") = "UI.Blazor", "src\UI.Blazor\UI.Blazor.csproj", "{2E1E3001-3ECD-4420-B634-882705A653AE}"
EndProject
Project("{2150E333-8FDC-42A3-9474-1A3956D46DE8}") = "MVC", "MVC", "{04D794E2-EB6E-4899-BB19-0DCBB7494889}"
EndProject
Project("{9A19103F-16F7-4668-BE54-9A1E7A4F7556}") = "UI.MVC", "src\UI.MVC\UI.MVC.csproj", "{07C7DF4B-18C2-4686-9A62-333CED7740C5}"
EndProject
Project("{9A19103F-16F7-4668-BE54-9A1E7A4F7556}") = "Domain", "src\Domain\Domain.csproj", "{C96C167D-FE0C-4809-A8FD-31F618E06419}"
EndProject
Project("{9A19103F-16F7-4668-BE54-9A1E7A4F7556}") = "Application", "src\Application\Application.csproj", "{B1576DB2-C809-42F5-9FB0-1011F391A336}"
EndProject
Project("{9A19103F-16F7-4668-BE54-9A1E7A4F7556}") = "Infrastructure.Persistence", "src\Infrastructure.Persistence\Infrastructure.Persistence.csproj", "{BC72A7AA-D863-4F99-A07E-0F312F3022B3}"
EndProject
Project("{9A19103F-16F7-4668-BE54-9A1E7A4F7556}") = "Infrastructure", "src\Infrastructure\Infrastructure.csproj", "{24955233-773C-4018-8F4C-A689018AF1D9}"
EndProject
Project("{9A19103F-16F7-4668-BE54-9A1E7A4F7556}") = "UI.Shared", "src\UI.Shared\UI.Shared.csproj", "{69B6EE93-221E-4E54-9158-BB4E4E4A2B83}"
EndProject
Project("{FAE04EC0-301F-11D3-BF4B-00C04F79EFBC}") = "Infrastructure.Shared", "src\Infrastructure.Shared\Infrastructure.Shared.csproj", "{2F750C3C-F7BB-4500-A5D1-FE9CC1E29C5F}"
EndProject
Global
	GlobalSection(SolutionConfigurationPlatforms) = preSolution
		Debug|Any CPU = Debug|Any CPU
		Release|Any CPU = Release|Any CPU
	EndGlobalSection
	GlobalSection(ProjectConfigurationPlatforms) = postSolution
		{B7B0716A-19E8-4FF3-A99E-8ED04E83ED9F}.Debug|Any CPU.ActiveCfg = Debug|Any CPU
		{B7B0716A-19E8-4FF3-A99E-8ED04E83ED9F}.Debug|Any CPU.Build.0 = Debug|Any CPU
		{B7B0716A-19E8-4FF3-A99E-8ED04E83ED9F}.Release|Any CPU.ActiveCfg = Release|Any CPU
		{B7B0716A-19E8-4FF3-A99E-8ED04E83ED9F}.Release|Any CPU.Build.0 = Release|Any CPU
		{2E1E3001-3ECD-4420-B634-882705A653AE}.Debug|Any CPU.ActiveCfg = Debug|Any CPU
		{2E1E3001-3ECD-4420-B634-882705A653AE}.Debug|Any CPU.Build.0 = Debug|Any CPU
		{2E1E3001-3ECD-4420-B634-882705A653AE}.Release|Any CPU.ActiveCfg = Release|Any CPU
		{2E1E3001-3ECD-4420-B634-882705A653AE}.Release|Any CPU.Build.0 = Release|Any CPU
		{07C7DF4B-18C2-4686-9A62-333CED7740C5}.Debug|Any CPU.ActiveCfg = Debug|Any CPU
		{07C7DF4B-18C2-4686-9A62-333CED7740C5}.Debug|Any CPU.Build.0 = Debug|Any CPU
		{07C7DF4B-18C2-4686-9A62-333CED7740C5}.Release|Any CPU.ActiveCfg = Release|Any CPU
		{07C7DF4B-18C2-4686-9A62-333CED7740C5}.Release|Any CPU.Build.0 = Release|Any CPU
		{C96C167D-FE0C-4809-A8FD-31F618E06419}.Debug|Any CPU.ActiveCfg = Debug|Any CPU
		{C96C167D-FE0C-4809-A8FD-31F618E06419}.Debug|Any CPU.Build.0 = Debug|Any CPU
		{C96C167D-FE0C-4809-A8FD-31F618E06419}.Release|Any CPU.ActiveCfg = Release|Any CPU
		{C96C167D-FE0C-4809-A8FD-31F618E06419}.Release|Any CPU.Build.0 = Release|Any CPU
		{B1576DB2-C809-42F5-9FB0-1011F391A336}.Debug|Any CPU.ActiveCfg = Debug|Any CPU
		{B1576DB2-C809-42F5-9FB0-1011F391A336}.Debug|Any CPU.Build.0 = Debug|Any CPU
		{B1576DB2-C809-42F5-9FB0-1011F391A336}.Release|Any CPU.ActiveCfg = Release|Any CPU
		{B1576DB2-C809-42F5-9FB0-1011F391A336}.Release|Any CPU.Build.0 = Release|Any CPU
		{BC72A7AA-D863-4F99-A07E-0F312F3022B3}.Debug|Any CPU.ActiveCfg = Debug|Any CPU
		{BC72A7AA-D863-4F99-A07E-0F312F3022B3}.Debug|Any CPU.Build.0 = Debug|Any CPU
		{BC72A7AA-D863-4F99-A07E-0F312F3022B3}.Release|Any CPU.ActiveCfg = Release|Any CPU
		{BC72A7AA-D863-4F99-A07E-0F312F3022B3}.Release|Any CPU.Build.0 = Release|Any CPU
		{24955233-773C-4018-8F4C-A689018AF1D9}.Debug|Any CPU.ActiveCfg = Debug|Any CPU
		{24955233-773C-4018-8F4C-A689018AF1D9}.Debug|Any CPU.Build.0 = Debug|Any CPU
		{24955233-773C-4018-8F4C-A689018AF1D9}.Release|Any CPU.ActiveCfg = Release|Any CPU
		{24955233-773C-4018-8F4C-A689018AF1D9}.Release|Any CPU.Build.0 = Release|Any CPU
		{69B6EE93-221E-4E54-9158-BB4E4E4A2B83}.Debug|Any CPU.ActiveCfg = Debug|Any CPU
		{69B6EE93-221E-4E54-9158-BB4E4E4A2B83}.Debug|Any CPU.Build.0 = Debug|Any CPU
		{69B6EE93-221E-4E54-9158-BB4E4E4A2B83}.Release|Any CPU.ActiveCfg = Release|Any CPU
		{69B6EE93-221E-4E54-9158-BB4E4E4A2B83}.Release|Any CPU.Build.0 = Release|Any CPU
		{2F750C3C-F7BB-4500-A5D1-FE9CC1E29C5F}.Debug|Any CPU.ActiveCfg = Debug|Any CPU
		{2F750C3C-F7BB-4500-A5D1-FE9CC1E29C5F}.Debug|Any CPU.Build.0 = Debug|Any CPU
		{2F750C3C-F7BB-4500-A5D1-FE9CC1E29C5F}.Release|Any CPU.ActiveCfg = Release|Any CPU
		{2F750C3C-F7BB-4500-A5D1-FE9CC1E29C5F}.Release|Any CPU.Build.0 = Release|Any CPU
	EndGlobalSection
	GlobalSection(SolutionProperties) = preSolution
		HideSolutionNode = FALSE
	EndGlobalSection
	GlobalSection(NestedProjects) = preSolution
		{B7B0716A-19E8-4FF3-A99E-8ED04E83ED9F} = {A877EC63-46DD-4B39-80AF-CDBED2E6AEC9}
		{ED8A1104-0970-45C1-9F3E-FF39BE9DD01E} = {A877EC63-46DD-4B39-80AF-CDBED2E6AEC9}
		{E7EDA971-5835-40B5-90D6-BDABA871864C} = {A877EC63-46DD-4B39-80AF-CDBED2E6AEC9}
		{AAD5F0B0-39CC-4344-9E5A-E63BB38A8C0C} = {A877EC63-46DD-4B39-80AF-CDBED2E6AEC9}
		{5C9D9912-63C1-4424-B9E9-8A9917974EF4} = {E7EDA971-5835-40B5-90D6-BDABA871864C}
		{DFCED2D0-0C2B-4A1D-B4A3-9B533ACE67CA} = {5C9D9912-63C1-4424-B9E9-8A9917974EF4}
		{2E1E3001-3ECD-4420-B634-882705A653AE} = {DFCED2D0-0C2B-4A1D-B4A3-9B533ACE67CA}
		{04D794E2-EB6E-4899-BB19-0DCBB7494889} = {E7EDA971-5835-40B5-90D6-BDABA871864C}
		{07C7DF4B-18C2-4686-9A62-333CED7740C5} = {04D794E2-EB6E-4899-BB19-0DCBB7494889}
		{C96C167D-FE0C-4809-A8FD-31F618E06419} = {AAD5F0B0-39CC-4344-9E5A-E63BB38A8C0C}
		{B1576DB2-C809-42F5-9FB0-1011F391A336} = {AAD5F0B0-39CC-4344-9E5A-E63BB38A8C0C}
		{BC72A7AA-D863-4F99-A07E-0F312F3022B3} = {ED8A1104-0970-45C1-9F3E-FF39BE9DD01E}
		{24955233-773C-4018-8F4C-A689018AF1D9} = {ED8A1104-0970-45C1-9F3E-FF39BE9DD01E}
		{69B6EE93-221E-4E54-9158-BB4E4E4A2B83} = {E7EDA971-5835-40B5-90D6-BDABA871864C}
		{2F750C3C-F7BB-4500-A5D1-FE9CC1E29C5F} = {ED8A1104-0970-45C1-9F3E-FF39BE9DD01E}
	EndGlobalSection
	GlobalSection(ExtensibilityGlobals) = postSolution
		SolutionGuid = {038D8048-0277-4A54-91BD-D05FB2F6EC52}
	EndGlobalSection
EndGlobal
